
Microsoft Visual Studio Solution File, Format Version 12.00
# Visual Studio Version 17
VisualStudioVersion = 17.6.33723.286
MinimumVisualStudioVersion = 10.0.40219.1
Project("{FAE04EC0-301F-11D3-BF4B-00C04F79EFBC}") = "JSONMessageExchangeClient", "JSONMessageExchangeClient.csproj", "{69C0A3AD-0FB2-4B52-BFE5-D04B4BBA7503}"
EndProject
Global
	GlobalSection(SolutionConfigurationPlatforms) = preSolution
		Debug|Any CPU = Debug|Any CPU
		Release|Any CPU = Release|Any CPU
	EndGlobalSection
	GlobalSection(ProjectConfigurationPlatforms) = postSolution
		{69C0A3AD-0FB2-4B52-BFE5-D04B4BBA7503}.Debug|Any CPU.ActiveCfg = Debug|Any CPU
		{69C0A3AD-0FB2-4B52-BFE5-D04B4BBA7503}.Debug|Any CPU.Build.0 = Debug|Any CPU
		{69C0A3AD-0FB2-4B52-BFE5-D04B4BBA7503}.Release|Any CPU.ActiveCfg = Release|Any CPU
		{69C0A3AD-0FB2-4B52-BFE5-D04B4BBA7503}.Release|Any CPU.Build.0 = Release|Any CPU
	EndGlobalSection
	GlobalSection(SolutionProperties) = preSolution
		HideSolutionNode = FALSE
	EndGlobalSection
	GlobalSection(ExtensibilityGlobals) = postSolution
		SolutionGuid = {175EEBB4-320D-41F0-B035-5879B866EAD8}
	EndGlobalSection
EndGlobal
